
Microsoft Visual Studio Solution File, Format Version 12.00
# Visual Studio Version 16
VisualStudioVersion = 16.0.29509.3
MinimumVisualStudioVersion = 10.0.40219.1
Project("{2150E333-8FDC-42A3-9474-1A3956D46DE8}") = "tests", "tests", "{63D4E26A-7775-4BCE-AB32-62AEBB61BFF8}"
EndProject
Project("{2150E333-8FDC-42A3-9474-1A3956D46DE8}") = "apps", "apps", "{526754B4-B0E0-4D47-90C7-73A170A84C9B}"
EndProject
Project("{9A19103F-16F7-4668-BE54-9A1E7A4F7556}") = "PerformanceTests", "tests\PerformanceTests\PerformanceTests.csproj", "{26608A1A-0CCE-4D06-9011-F455A9095594}"
	ProjectSection(ProjectDependencies) = postProject
		{300DB885-91FF-4FBC-8C57-F9285EB252E7} = {300DB885-91FF-4FBC-8C57-F9285EB252E7}
		{0AE8A9B2-7434-4A39-82BC-22D53D9D67A1} = {0AE8A9B2-7434-4A39-82BC-22D53D9D67A1}
	EndProjectSection
EndProject
Project("{9A19103F-16F7-4668-BE54-9A1E7A4F7556}") = "SafeOrbit", "SafeOrbit\SafeOrbit.csproj", "{0AE8A9B2-7434-4A39-82BC-22D53D9D67A1}"
EndProject
Project("{9A19103F-16F7-4668-BE54-9A1E7A4F7556}") = "RandomComparisonApp", "tests\apps\RandomComparisonApp\RandomComparisonApp.csproj", "{5A9F48D4-BDF2-43D8-8E29-6D0CBC4318ED}"
	ProjectSection(ProjectDependencies) = postProject
		{0AE8A9B2-7434-4A39-82BC-22D53D9D67A1} = {0AE8A9B2-7434-4A39-82BC-22D53D9D67A1}
	EndProjectSection
EndProject
Project("{9A19103F-16F7-4668-BE54-9A1E7A4F7556}") = "Common", "tests\Common\Common.csproj", "{300DB885-91FF-4FBC-8C57-F9285EB252E7}"
EndProject
Project("{9A19103F-16F7-4668-BE54-9A1E7A4F7556}") = "UnitTests", "tests\UnitTests\UnitTests.csproj", "{166C105B-F7FC-4FFD-AE47-E72EB09E8AC4}"
EndProject
Project("{9A19103F-16F7-4668-BE54-9A1E7A4F7556}") = "IntegrationTests", "tests\IntegrationTests\IntegrationTests.csproj", "{6F3183BB-60D8-47A6-BF50-0640FF701498}"
EndProject
Global
	GlobalSection(SolutionConfigurationPlatforms) = preSolution
		Debug|Any CPU = Debug|Any CPU
		Release|Any CPU = Release|Any CPU
	EndGlobalSection
	GlobalSection(ProjectConfigurationPlatforms) = postSolution
		{26608A1A-0CCE-4D06-9011-F455A9095594}.Debug|Any CPU.ActiveCfg = Debug|Any CPU
		{26608A1A-0CCE-4D06-9011-F455A9095594}.Debug|Any CPU.Build.0 = Debug|Any CPU
		{26608A1A-0CCE-4D06-9011-F455A9095594}.Release|Any CPU.ActiveCfg = Release|Any CPU
		{26608A1A-0CCE-4D06-9011-F455A9095594}.Release|Any CPU.Build.0 = Release|Any CPU
		{0AE8A9B2-7434-4A39-82BC-22D53D9D67A1}.Debug|Any CPU.ActiveCfg = Debug|Any CPU
		{0AE8A9B2-7434-4A39-82BC-22D53D9D67A1}.Debug|Any CPU.Build.0 = Debug|Any CPU
		{0AE8A9B2-7434-4A39-82BC-22D53D9D67A1}.Release|Any CPU.ActiveCfg = Release|Any CPU
		{0AE8A9B2-7434-4A39-82BC-22D53D9D67A1}.Release|Any CPU.Build.0 = Release|Any CPU
		{5A9F48D4-BDF2-43D8-8E29-6D0CBC4318ED}.Debug|Any CPU.ActiveCfg = Debug|Any CPU
		{5A9F48D4-BDF2-43D8-8E29-6D0CBC4318ED}.Debug|Any CPU.Build.0 = Debug|Any CPU
		{5A9F48D4-BDF2-43D8-8E29-6D0CBC4318ED}.Release|Any CPU.ActiveCfg = Release|Any CPU
		{5A9F48D4-BDF2-43D8-8E29-6D0CBC4318ED}.Release|Any CPU.Build.0 = Release|Any CPU
		{300DB885-91FF-4FBC-8C57-F9285EB252E7}.Debug|Any CPU.ActiveCfg = Debug|Any CPU
		{300DB885-91FF-4FBC-8C57-F9285EB252E7}.Debug|Any CPU.Build.0 = Debug|Any CPU
		{300DB885-91FF-4FBC-8C57-F9285EB252E7}.Release|Any CPU.ActiveCfg = Release|Any CPU
		{300DB885-91FF-4FBC-8C57-F9285EB252E7}.Release|Any CPU.Build.0 = Release|Any CPU
		{166C105B-F7FC-4FFD-AE47-E72EB09E8AC4}.Debug|Any CPU.ActiveCfg = Debug|Any CPU
		{166C105B-F7FC-4FFD-AE47-E72EB09E8AC4}.Debug|Any CPU.Build.0 = Debug|Any CPU
		{166C105B-F7FC-4FFD-AE47-E72EB09E8AC4}.Release|Any CPU.ActiveCfg = Release|Any CPU
		{166C105B-F7FC-4FFD-AE47-E72EB09E8AC4}.Release|Any CPU.Build.0 = Release|Any CPU
		{6F3183BB-60D8-47A6-BF50-0640FF701498}.Debug|Any CPU.ActiveCfg = Debug|Any CPU
		{6F3183BB-60D8-47A6-BF50-0640FF701498}.Debug|Any CPU.Build.0 = Debug|Any CPU
		{6F3183BB-60D8-47A6-BF50-0640FF701498}.Release|Any CPU.ActiveCfg = Release|Any CPU
		{6F3183BB-60D8-47A6-BF50-0640FF701498}.Release|Any CPU.Build.0 = Release|Any CPU
	EndGlobalSection
	GlobalSection(SolutionProperties) = preSolution
		HideSolutionNode = FALSE
	EndGlobalSection
	GlobalSection(NestedProjects) = preSolution
		{526754B4-B0E0-4D47-90C7-73A170A84C9B} = {63D4E26A-7775-4BCE-AB32-62AEBB61BFF8}
		{26608A1A-0CCE-4D06-9011-F455A9095594} = {63D4E26A-7775-4BCE-AB32-62AEBB61BFF8}
		{5A9F48D4-BDF2-43D8-8E29-6D0CBC4318ED} = {526754B4-B0E0-4D47-90C7-73A170A84C9B}
		{300DB885-91FF-4FBC-8C57-F9285EB252E7} = {63D4E26A-7775-4BCE-AB32-62AEBB61BFF8}
		{166C105B-F7FC-4FFD-AE47-E72EB09E8AC4} = {63D4E26A-7775-4BCE-AB32-62AEBB61BFF8}
		{6F3183BB-60D8-47A6-BF50-0640FF701498} = {63D4E26A-7775-4BCE-AB32-62AEBB61BFF8}
	EndGlobalSection
	GlobalSection(ExtensibilityGlobals) = postSolution
		SolutionGuid = {E937B969-EF93-4041-98B1-8A4424B4DE0E}
	EndGlobalSection
EndGlobal
